// !$*UTF8*$!
{
	archiveVersion = 1;
	classes = {
	};
	objectVersion = 50;
	objects = {

/* Begin PBXBuildFile section */
		D9589D4924C92C6100946250 /* AppDelegate.swift in Sources */ = {isa = PBXBuildFile; fileRef = D9589D4824C92C6100946250 /* AppDelegate.swift */; };
		D9589D4B24C92C6100946250 /* SceneDelegate.swift in Sources */ = {isa = PBXBuildFile; fileRef = D9589D4A24C92C6100946250 /* SceneDelegate.swift */; };
		D9589D4D24C92C6100946250 /* ViewController.swift in Sources */ = {isa = PBXBuildFile; fileRef = D9589D4C24C92C6100946250 /* ViewController.swift */; };
		D9589D5024C92C6100946250 /* Main.storyboard in Resources */ = {isa = PBXBuildFile; fileRef = D9589D4E24C92C6100946250 /* Main.storyboard */; };
		D9589D5224C92C6600946250 /* Assets.xcassets in Resources */ = {isa = PBXBuildFile; fileRef = D9589D5124C92C6600946250 /* Assets.xcassets */; };
		D9589D5524C92C6600946250 /* LaunchScreen.storyboard in Resources */ = {isa = PBXBuildFile; fileRef = D9589D5324C92C6600946250 /* LaunchScreen.storyboard */; };
		D9589D5F24C92EE900946250 /* SettingsViewController.swift in Sources */ = {isa = PBXBuildFile; fileRef = D9589D5C24C92EE900946250 /* SettingsViewController.swift */; };
		D9589D6024C92EE900946250 /* UploadViewController.swift in Sources */ = {isa = PBXBuildFile; fileRef = D9589D5D24C92EE900946250 /* UploadViewController.swift */; };
		D9589D6124C92EE900946250 /* FeedViewController.swift in Sources */ = {isa = PBXBuildFile; fileRef = D9589D5E24C92EE900946250 /* FeedViewController.swift */; };
		D9589D6324C9307C00946250 /* GoogleService-Info.plist in Resources */ = {isa = PBXBuildFile; fileRef = D9589D6224C9307C00946250 /* GoogleService-Info.plist */; };
/* End PBXBuildFile section */

/* Begin PBXFileReference section */
		D9589D4524C92C6100946250 /* IGClone.app */ = {isa = PBXFileReference; explicitFileType = wrapper.application; includeInIndex = 0; path = IGClone.app; sourceTree = BUILT_PRODUCTS_DIR; };
		D9589D4824C92C6100946250 /* AppDelegate.swift */ = {isa = PBXFileReference; lastKnownFileType = sourcecode.swift; path = AppDelegate.swift; sourceTree = "<group>"; };
		D9589D4A24C92C6100946250 /* SceneDelegate.swift */ = {isa = PBXFileReference; lastKnownFileType = sourcecode.swift; path = SceneDelegate.swift; sourceTree = "<group>"; };
		D9589D4C24C92C6100946250 /* ViewController.swift */ = {isa = PBXFileReference; lastKnownFileType = sourcecode.swift; path = ViewController.swift; sourceTree = "<group>"; };
		D9589D4F24C92C6100946250 /* Base */ = {isa = PBXFileReference; lastKnownFileType = file.storyboard; name = Base; path = Base.lproj/Main.storyboard; sourceTree = "<group>"; };
		D9589D5124C92C6600946250 /* Assets.xcassets */ = {isa = PBXFileReference; lastKnownFileType = folder.assetcatalog; path = Assets.xcassets; sourceTree = "<group>"; };
		D9589D5424C92C6600946250 /* Base */ = {isa = PBXFileReference; lastKnownFileType = file.storyboard; name = Base; path = Base.lproj/LaunchScreen.storyboard; sourceTree = "<group>"; };
		D9589D5624C92C6600946250 /* Info.plist */ = {isa = PBXFileReference; lastKnownFileType = text.plist.xml; path = Info.plist; sourceTree = "<group>"; };
		D9589D5C24C92EE900946250 /* SettingsViewController.swift */ = {isa = PBXFileReference; fileEncoding = 4; lastKnownFileType = sourcecode.swift; path = SettingsViewController.swift; sourceTree = "<group>"; };
		D9589D5D24C92EE900946250 /* UploadViewController.swift */ = {isa = PBXFileReference; fileEncoding = 4; lastKnownFileType = sourcecode.swift; path = UploadViewController.swift; sourceTree = "<group>"; };
		D9589D5E24C92EE900946250 /* FeedViewController.swift */ = {isa = PBXFileReference; fileEncoding = 4; lastKnownFileType = sourcecode.swift; path = FeedViewController.swift; sourceTree = "<group>"; };
		D9589D6224C9307C00946250 /* GoogleService-Info.plist */ = {isa = PBXFileReference; fileEncoding = 4; lastKnownFileType = text.plist.xml; path = "GoogleService-Info.plist"; sourceTree = "<group>"; };
/* End PBXFileReference section */

/* Begin PBXFrameworksBuildPhase section */
		D9589D4224C92C6100946250 /* Frameworks */ = {
			isa = PBXFrameworksBuildPhase;
			buildActionMask = 2147483647;
			files = (
			);
			runOnlyForDeploymentPostprocessing = 0;
		};
/* End PBXFrameworksBuildPhase section */

/* Begin PBXGroup section */
		D9589D3C24C92C6100946250 = {
			isa = PBXGroup;
			children = (
				D9589D4724C92C6100946250 /* IGClone */,
				D9589D4624C92C6100946250 /* Products */,
			);
			sourceTree = "<group>";
		};
		D9589D4624C92C6100946250 /* Products */ = {
			isa = PBXGroup;
			children = (
				D9589D4524C92C6100946250 /* IGClone.app */,
			);
			name = Products;
			sourceTree = "<group>";
		};
		D9589D4724C92C6100946250 /* IGClone */ = {
			isa = PBXGroup;
			children = (
				D9589D4824C92C6100946250 /* AppDelegate.swift */,
				D9589D4A24C92C6100946250 /* SceneDelegate.swift */,
				D9589D4C24C92C6100946250 /* ViewController.swift */,
				D9589D5E24C92EE900946250 /* FeedViewController.swift */,
				D9589D5C24C92EE900946250 /* SettingsViewController.swift */,
				D9589D5D24C92EE900946250 /* UploadViewController.swift */,
				D9589D4E24C92C6100946250 /* Main.storyboard */,
				D9589D5124C92C6600946250 /* Assets.xcassets */,
				D9589D5324C92C6600946250 /* LaunchScreen.storyboard */,
				D9589D5624C92C6600946250 /* Info.plist */,
				D9589D6224C9307C00946250 /* GoogleService-Info.plist */,
			);
			path = IGClone;
			sourceTree = "<group>";
		};
/* End PBXGroup section */

/* Begin PBXNativeTarget section */
		D9589D4424C92C6100946250 /* IGClone */ = {
			isa = PBXNativeTarget;
			buildConfigurationList = D9589D5924C92C6600946250 /* Build configuration list for PBXNativeTarget "IGClone" */;
			buildPhases = (
				D9589D4124C92C6100946250 /* Sources */,
				D9589D4224C92C6100946250 /* Frameworks */,
				D9589D4324C92C6100946250 /* Resources */,
			);
			buildRules = (
			);
			dependencies = (
			);
			name = IGClone;
			productName = IGClone;
			productReference = D9589D4524C92C6100946250 /* IGClone.app */;
			productType = "com.apple.product-type.application";
		};
/* End PBXNativeTarget section */

/* Begin PBXProject section */
		D9589D3D24C92C6100946250 /* Project object */ = {
			isa = PBXProject;
			attributes = {
				LastSwiftUpdateCheck = 1160;
				LastUpgradeCheck = 1160;
				ORGANIZATIONNAME = Dustin;
				TargetAttributes = {
					D9589D4424C92C6100946250 = {
						CreatedOnToolsVersion = 11.6;
					};
				};
			};
			buildConfigurationList = D9589D4024C92C6100946250 /* Build configuration list for PBXProject "IGClone" */;
			compatibilityVersion = "Xcode 9.3";
			developmentRegion = en;
			hasScannedForEncodings = 0;
			knownRegions = (
				en,
				Base,
			);
			mainGroup = D9589D3C24C92C6100946250;
			productRefGroup = D9589D4624C92C6100946250 /* Products */;
			projectDirPath = "";
			projectRoot = "";
			targets = (
				D9589D4424C92C6100946250 /* IGClone */,
			);
		};
/* End PBXProject section */

/* Begin PBXResourcesBuildPhase section */
		D9589D4324C92C6100946250 /* Resources */ = {
			isa = PBXResourcesBuildPhase;
			buildActionMask = 2147483647;
			files = (
				D9589D5524C92C6600946250 /* LaunchScreen.storyboard in Resources */,
				D9589D6324C9307C00946250 /* GoogleService-Info.plist in Resources */,
				D9589D5224C92C6600946250 /* Assets.xcassets in Resources */,
				D9589D5024C92C6100946250 /* Main.storyboard in Resources */,
			);
			runOnlyForDeploymentPostprocessing = 0;
		};
/* End PBXResourcesBuildPhase section */

/* Begin PBXSourcesBuildPhase section */
		D9589D4124C92C6100946250 /* Sources */ = {
			isa = PBXSourcesBuildPhase;
			buildActionMask = 2147483647;
			files = (
				D9589D4D24C92C6100946250 /* ViewController.swift in Sources */,
				D9589D6024C92EE900946250 /* UploadViewController.swift in Sources */,
				D9589D4924C92C6100946250 /* AppDelegate.swift in Sources */,
				D9589D4B24C92C6100946250 /* SceneDelegate.swift in Sources */,
				D9589D6124C92EE900946250 /* FeedViewController.swift in Sources */,
				D9589D5F24C92EE900946250 /* SettingsViewController.swift in Sources */,
			);
			runOnlyForDeploymentPostprocessing = 0;
		};
/* End PBXSourcesBuildPhase section */

/* Begin PBXVariantGroup section */
		D9589D4E24C92C6100946250 /* Main.storyboard */ = {
			isa = PBXVariantGroup;
			children = (
				D9589D4F24C92C6100946250 /* Base */,
			);
			name = Main.storyboard;
			sourceTree = "<group>";
		};
		D9589D5324C92C6600946250 /* LaunchScreen.storyboard */ = {
			isa = PBXVariantGroup;
			children = (
				D9589D5424C92C6600946250 /* Base */,
			);
			name = LaunchScreen.storyboard;
			sourceTree = "<group>";
		};
/* End PBXVariantGroup section */

/* Begin XCBuildConfiguration section */
		D9589D5724C92C6600946250 /* Debug */ = {
			isa = XCBuildConfiguration;
			buildSettings = {
				ALWAYS_SEARCH_USER_PATHS = NO;
				CLANG_ANALYZER_NONNULL = YES;
				CLANG_ANALYZER_NUMBER_OBJECT_CONVERSION = YES_AGGRESSIVE;
				CLANG_CXX_LANGUAGE_STANDARD = "gnu++14";
				CLANG_CXX_LIBRARY = "libc++";
				CLANG_ENABLE_MODULES = YES;
				CLANG_ENABLE_OBJC_ARC = YES;
				CLANG_ENABLE_OBJC_WEAK = YES;
				CLANG_WARN_BLOCK_CAPTURE_AUTORELEASING = YES;
				CLANG_WARN_BOOL_CONVERSION = YES;
				CLANG_WARN_COMMA = YES;
				CLANG_WARN_CONSTANT_CONVERSION = YES;
				CLANG_WARN_DEPRECATED_OBJC_IMPLEMENTATIONS = YES;
				CLANG_WARN_DIRECT_OBJC_ISA_USAGE = YES_ERROR;
				CLANG_WARN_DOCUMENTATION_COMMENTS = YES;
				CLANG_WARN_EMPTY_BODY = YES;
				CLANG_WARN_ENUM_CONVERSION = YES;
				CLANG_WARN_INFINITE_RECURSION = YES;
				CLANG_WARN_INT_CONVERSION = YES;
				CLANG_WARN_NON_LITERAL_NULL_CONVERSION = YES;
				CLANG_WARN_OBJC_IMPLICIT_RETAIN_SELF = YES;
				CLANG_WARN_OBJC_LITERAL_CONVERSION = YES;
				CLANG_WARN_OBJC_ROOT_CLASS = YES_ERROR;
				CLANG_WARN_RANGE_LOOP_ANALYSIS = YES;
				CLANG_WARN_STRICT_PROTOTYPES = YES;
				CLANG_WARN_SUSPICIOUS_MOVE = YES;
				CLANG_WARN_UNGUARDED_AVAILABILITY = YES_AGGRESSIVE;
				CLANG_WARN_UNREACHABLE_CODE = YES;
				CLANG_WARN__DUPLICATE_METHOD_MATCH = YES;
				COPY_PHASE_STRIP = NO;
				DEBUG_INFORMATION_FORMAT = dwarf;
				ENABLE_STRICT_OBJC_MSGSEND = YES;
				ENABLE_TESTABILITY = YES;
				GCC_C_LANGUAGE_STANDARD = gnu11;
				GCC_DYNAMIC_NO_PIC = NO;
				GCC_NO_COMMON_BLOCKS = YES;
				GCC_OPTIMIZATION_LEVEL = 0;
				GCC_PREPROCESSOR_DEFINITIONS = (
					"DEBUG=1",
					"$(inherited)",
				);
				GCC_WARN_64_TO_32_BIT_CONVERSION = YES;
				GCC_WARN_ABOUT_RETURN_TYPE = YES_ERROR;
				GCC_WARN_UNDECLARED_SELECTOR = YES;
				GCC_WARN_UNINITIALIZED_AUTOS = YES_AGGRESSIVE;
				GCC_WARN_UNUSED_FUNCTION = YES;
				GCC_WARN_UNUSED_VARIABLE = YES;
				IPHONEOS_DEPLOYMENT_TARGET = 13.6;
				MTL_ENABLE_DEBUG_INFO = INCLUDE_SOURCE;
				MTL_FAST_MATH = YES;
				ONLY_ACTIVE_ARCH = YES;
				SDKROOT = iphoneos;
				SWIFT_ACTIVE_COMPILATION_CONDITIONS = DEBUG;
				SWIFT_OPTIMIZATION_LEVEL = "-Onone";
			};
			name = Debug;
		};
		D9589D5824C92C6600946250 /* Release */ = {
			isa = XCBuildConfiguration;
			buildSettings = {
				ALWAYS_SEARCH_USER_PATHS = NO;
				CLANG_ANALYZER_NONNULL = YES;
				CLANG_ANALYZER_NUMBER_OBJECT_CONVERSION = YES_AGGRESSIVE;
				CLANG_CXX_LANGUAGE_STANDARD = "gnu++14";
				CLANG_CXX_LIBRARY = "libc++";
				CLANG_ENABLE_MODULES = YES;
				CLANG_ENABLE_OBJC_ARC = YES;
				CLANG_ENABLE_OBJC_WEAK = YES;
				CLANG_WARN_BLOCK_CAPTURE_AUTORELEASING = YES;
				CLANG_WARN_BOOL_CONVERSION = YES;
				CLANG_WARN_COMMA = YES;
				CLANG_WARN_CONSTANT_CONVERSION = YES;
				CLANG_WARN_DEPRECATED_OBJC_IMPLEMENTATIONS = YES;
				CLANG_WARN_DIRECT_OBJC_ISA_USAGE = YES_ERROR;
				CLANG_WARN_DOCUMENTATION_COMMENTS = YES;
				CLANG_WARN_EMPTY_BODY = YES;
				CLANG_WARN_ENUM_CONVERSION = YES;
				CLANG_WARN_INFINITE_RECURSION = YES;
				CLANG_WARN_INT_CONVERSION = YES;
				CLANG_WARN_NON_LITERAL_NULL_CONVERSION = YES;
				CLANG_WARN_OBJC_IMPLICIT_RETAIN_SELF = YES;
				CLANG_WARN_OBJC_LITERAL_CONVERSION = YES;
				CLANG_WARN_OBJC_ROOT_CLASS = YES_ERROR;
				CLANG_WARN_RANGE_LOOP_ANALYSIS = YES;
				CLANG_WARN_STRICT_PROTOTYPES = YES;
				CLANG_WARN_SUSPICIOUS_MOVE = YES;
				CLANG_WARN_UNGUARDED_AVAILABILITY = YES_AGGRESSIVE;
				CLANG_WARN_UNREACHABLE_CODE = YES;
				CLANG_WARN__DUPLICATE_METHOD_MATCH = YES;
				COPY_PHASE_STRIP = NO;
				DEBUG_INFORMATION_FORMAT = "dwarf-with-dsym";
				ENABLE_NS_ASSERTIONS = NO;
				ENABLE_STRICT_OBJC_MSGSEND = YES;
				GCC_C_LANGUAGE_STANDARD = gnu11;
				GCC_NO_COMMON_BLOCKS = YES;
				GCC_WARN_64_TO_32_BIT_CONVERSION = YES;
				GCC_WARN_ABOUT_RETURN_TYPE = YES_ERROR;
				GCC_WARN_UNDECLARED_SELECTOR = YES;
				GCC_WARN_UNINITIALIZED_AUTOS = YES_AGGRESSIVE;
				GCC_WARN_UNUSED_FUNCTION = YES;
				GCC_WARN_UNUSED_VARIABLE = YES;
				IPHONEOS_DEPLOYMENT_TARGET = 13.6;
				MTL_ENABLE_DEBUG_INFO = NO;
				MTL_FAST_MATH = YES;
				SDKROOT = iphoneos;
				SWIFT_COMPILATION_MODE = wholemodule;
				SWIFT_OPTIMIZATION_LEVEL = "-O";
				VALIDATE_PRODUCT = YES;
			};
			name = Release;
		};
		D9589D5A24C92C6600946250 /* Debug */ = {
			isa = XCBuildConfiguration;
			buildSettings = {
				ASSETCATALOG_COMPILER_APPICON_NAME = AppIcon;
				CODE_SIGN_STYLE = Automatic;
				DEVELOPMENT_TEAM = KHTC3WZ3S9;
				INFOPLIST_FILE = IGClone/Info.plist;
				LD_RUNPATH_SEARCH_PATHS = (
					"$(inherited)",
					"@executable_path/Frameworks",
				);
				PRODUCT_BUNDLE_IDENTIFIER = dm.IGClone;
				PRODUCT_NAME = "$(TARGET_NAME)";
				SWIFT_VERSION = 5.0;
				TARGETED_DEVICE_FAMILY = "1,2";
			};
			name = Debug;
		};
		D9589D5B24C92C6600946250 /* Release */ = {
			isa = XCBuildConfiguration;
			buildSettings = {
				ASSETCATALOG_COMPILER_APPICON_NAME = AppIcon;
				CODE_SIGN_STYLE = Automatic;
				DEVELOPMENT_TEAM = KHTC3WZ3S9;
				INFOPLIST_FILE = IGClone/Info.plist;
				LD_RUNPATH_SEARCH_PATHS = (
					"$(inherited)",
					"@executable_path/Frameworks",
				);
				PRODUCT_BUNDLE_IDENTIFIER = dm.IGClone;
				PRODUCT_NAME = "$(TARGET_NAME)";
				SWIFT_VERSION = 5.0;
				TARGETED_DEVICE_FAMILY = "1,2";
			};
			name = Release;
		};
/* End XCBuildConfiguration section */

/* Begin XCConfigurationList section */
		D9589D4024C92C6100946250 /* Build configuration list for PBXProject "IGClone" */ = {
			isa = XCConfigurationList;
			buildConfigurations = (
				D9589D5724C92C6600946250 /* Debug */,
				D9589D5824C92C6600946250 /* Release */,
			);
			defaultConfigurationIsVisible = 0;
			defaultConfigurationName = Release;
		};
		D9589D5924C92C6600946250 /* Build configuration list for PBXNativeTarget "IGClone" */ = {
			isa = XCConfigurationList;
			buildConfigurations = (
				D9589D5A24C92C6600946250 /* Debug */,
				D9589D5B24C92C6600946250 /* Release */,
			);
			defaultConfigurationIsVisible = 0;
			defaultConfigurationName = Release;
		};
/* End XCConfigurationList section */
	};
	rootObject = D9589D3D24C92C6100946250 /* Project object */;
}
